
Microsoft Visual Studio Solution File, Format Version 12.00
# Visual Studio Version 17
VisualStudioVersion = 17.14.35906.104
MinimumVisualStudioVersion = 10.0.40219.1
Project("{FAE04EC0-301F-11D3-BF4B-00C04F79EFBC}") = "Shortha", "Shortha.csproj", "{CF71703D-3D3B-48BA-9760-32E662F1B6A6}"
EndProject
Project("{FAE04EC0-301F-11D3-BF4B-00C04F79EFBC}") = "Paymob", "..\Paymob\Paymob.csproj", "{CF50CE95-AEBA-4272-9385-8963E5EB2DA8}"
EndProject
Project("{FAE04EC0-301F-11D3-BF4B-00C04F79EFBC}") = "Shortha.Application", "..\Shortha.Contracts\Shortha.Application.csproj", "{009E605D-8F62-4A46-8DAB-3E80A00ACEE2}"
EndProject
Project("{FAE04EC0-301F-11D3-BF4B-00C04F79EFBC}") = "Shortha.Domain", "..\Shortha.Domain\Shortha.Domain.csproj", "{D538281E-D764-48CC-BE22-8FF8E5EFF4DD}"
EndProject
Project("{FAE04EC0-301F-11D3-BF4B-00C04F79EFBC}") = "Shortha.Infrastructure", "..\Shortha.Infrastructure\Shortha.Infrastructure.csproj", "{BF45AAC6-C2D7-44E3-B3A0-2135F98B2FF8}"
EndProject
Project("{FAE04EC0-301F-11D3-BF4B-00C04F79EFBC}") = "Shortha.Utilities", "..\Shortha.Utilities\Shortha.Utilities.csproj", "{43D9BDB5-5541-4C90-9F37-75345FF6CDC9}"
EndProject
Global
	GlobalSection(SolutionConfigurationPlatforms) = preSolution
		Debug|Any CPU = Debug|Any CPU
		Release|Any CPU = Release|Any CPU
	EndGlobalSection
	GlobalSection(ProjectConfigurationPlatforms) = postSolution
		{CF71703D-3D3B-48BA-9760-32E662F1B6A6}.Debug|Any CPU.ActiveCfg = Debug|Any CPU
		{CF71703D-3D3B-48BA-9760-32E662F1B6A6}.Debug|Any CPU.Build.0 = Debug|Any CPU
		{CF71703D-3D3B-48BA-9760-32E662F1B6A6}.Release|Any CPU.ActiveCfg = Release|Any CPU
		{CF71703D-3D3B-48BA-9760-32E662F1B6A6}.Release|Any CPU.Build.0 = Release|Any CPU
		{CF50CE95-AEBA-4272-9385-8963E5EB2DA8}.Debug|Any CPU.ActiveCfg = Debug|Any CPU
		{CF50CE95-AEBA-4272-9385-8963E5EB2DA8}.Debug|Any CPU.Build.0 = Debug|Any CPU
		{CF50CE95-AEBA-4272-9385-8963E5EB2DA8}.Release|Any CPU.ActiveCfg = Release|Any CPU
		{CF50CE95-AEBA-4272-9385-8963E5EB2DA8}.Release|Any CPU.Build.0 = Release|Any CPU
		{009E605D-8F62-4A46-8DAB-3E80A00ACEE2}.Debug|Any CPU.ActiveCfg = Debug|Any CPU
		{009E605D-8F62-4A46-8DAB-3E80A00ACEE2}.Debug|Any CPU.Build.0 = Debug|Any CPU
		{009E605D-8F62-4A46-8DAB-3E80A00ACEE2}.Release|Any CPU.ActiveCfg = Release|Any CPU
		{009E605D-8F62-4A46-8DAB-3E80A00ACEE2}.Release|Any CPU.Build.0 = Release|Any CPU
		{D538281E-D764-48CC-BE22-8FF8E5EFF4DD}.Debug|Any CPU.ActiveCfg = Debug|Any CPU
		{D538281E-D764-48CC-BE22-8FF8E5EFF4DD}.Debug|Any CPU.Build.0 = Debug|Any CPU
		{D538281E-D764-48CC-BE22-8FF8E5EFF4DD}.Release|Any CPU.ActiveCfg = Release|Any CPU
		{D538281E-D764-48CC-BE22-8FF8E5EFF4DD}.Release|Any CPU.Build.0 = Release|Any CPU
		{BF45AAC6-C2D7-44E3-B3A0-2135F98B2FF8}.Debug|Any CPU.ActiveCfg = Debug|Any CPU
		{BF45AAC6-C2D7-44E3-B3A0-2135F98B2FF8}.Debug|Any CPU.Build.0 = Debug|Any CPU
		{BF45AAC6-C2D7-44E3-B3A0-2135F98B2FF8}.Release|Any CPU.ActiveCfg = Release|Any CPU
		{BF45AAC6-C2D7-44E3-B3A0-2135F98B2FF8}.Release|Any CPU.Build.0 = Release|Any CPU
		{43D9BDB5-5541-4C90-9F37-75345FF6CDC9}.Debug|Any CPU.ActiveCfg = Debug|Any CPU
		{43D9BDB5-5541-4C90-9F37-75345FF6CDC9}.Debug|Any CPU.Build.0 = Debug|Any CPU
		{43D9BDB5-5541-4C90-9F37-75345FF6CDC9}.Release|Any CPU.ActiveCfg = Release|Any CPU
		{43D9BDB5-5541-4C90-9F37-75345FF6CDC9}.Release|Any CPU.Build.0 = Release|Any CPU
	EndGlobalSection
	GlobalSection(SolutionProperties) = preSolution
		HideSolutionNode = FALSE
	EndGlobalSection
	GlobalSection(ExtensibilityGlobals) = postSolution
		SolutionGuid = {F05390B9-880F-410E-B0AA-57FDCA0C7F06}
	EndGlobalSection
EndGlobal
