
Microsoft Visual Studio Solution File, Format Version 12.00
# Visual Studio Version 17
VisualStudioVersion = 17.14.35906.104
MinimumVisualStudioVersion = 10.0.40219.1
Project("{FAE04EC0-301F-11D3-BF4B-00C04F79EFBC}") = "Shortha", "Shortha.csproj", "{CF71703D-3D3B-48BA-9760-32E662F1B6A6}"
EndProject
Project("{FAE04EC0-301F-11D3-BF4B-00C04F79EFBC}") = "Shortha.Infrastructure", "Shortha.Infrastructure\Shortha.Infrastructure.csproj", "{942D3ABF-42DE-426B-8264-9BC9C3562507}"
EndProject
Project("{FAE04EC0-301F-11D3-BF4B-00C04F79EFBC}") = "Shortha.Utilities", "Shortha.Utilities\Shortha.Utilities.csproj", "{DAC000C1-07CE-4F91-9A1C-5E05B72E18C3}"
EndProject
Global
	GlobalSection(SolutionConfigurationPlatforms) = preSolution
		Debug|Any CPU = Debug|Any CPU
		Debug|x64 = Debug|x64
		Debug|x86 = Debug|x86
		Release|Any CPU = Release|Any CPU
		Release|x64 = Release|x64
		Release|x86 = Release|x86
	EndGlobalSection
	GlobalSection(ProjectConfigurationPlatforms) = postSolution
		{CF71703D-3D3B-48BA-9760-32E662F1B6A6}.Debug|Any CPU.ActiveCfg = Debug|Any CPU
		{CF71703D-3D3B-48BA-9760-32E662F1B6A6}.Debug|Any CPU.Build.0 = Debug|Any CPU
		{CF71703D-3D3B-48BA-9760-32E662F1B6A6}.Debug|x64.ActiveCfg = Debug|Any CPU
		{CF71703D-3D3B-48BA-9760-32E662F1B6A6}.Debug|x64.Build.0 = Debug|Any CPU
		{CF71703D-3D3B-48BA-9760-32E662F1B6A6}.Debug|x86.ActiveCfg = Debug|Any CPU
		{CF71703D-3D3B-48BA-9760-32E662F1B6A6}.Debug|x86.Build.0 = Debug|Any CPU
		{CF71703D-3D3B-48BA-9760-32E662F1B6A6}.Release|Any CPU.ActiveCfg = Release|Any CPU
		{CF71703D-3D3B-48BA-9760-32E662F1B6A6}.Release|Any CPU.Build.0 = Release|Any CPU
		{CF71703D-3D3B-48BA-9760-32E662F1B6A6}.Release|x64.ActiveCfg = Release|Any CPU
		{CF71703D-3D3B-48BA-9760-32E662F1B6A6}.Release|x64.Build.0 = Release|Any CPU
		{CF71703D-3D3B-48BA-9760-32E662F1B6A6}.Release|x86.ActiveCfg = Release|Any CPU
		{CF71703D-3D3B-48BA-9760-32E662F1B6A6}.Release|x86.Build.0 = Release|Any CPU
		{942D3ABF-42DE-426B-8264-9BC9C3562507}.Debug|Any CPU.ActiveCfg = Debug|Any CPU
		{942D3ABF-42DE-426B-8264-9BC9C3562507}.Debug|Any CPU.Build.0 = Debug|Any CPU
		{942D3ABF-42DE-426B-8264-9BC9C3562507}.Debug|x64.ActiveCfg = Debug|Any CPU
		{942D3ABF-42DE-426B-8264-9BC9C3562507}.Debug|x64.Build.0 = Debug|Any CPU
		{942D3ABF-42DE-426B-8264-9BC9C3562507}.Debug|x86.ActiveCfg = Debug|Any CPU
		{942D3ABF-42DE-426B-8264-9BC9C3562507}.Debug|x86.Build.0 = Debug|Any CPU
		{942D3ABF-42DE-426B-8264-9BC9C3562507}.Release|Any CPU.ActiveCfg = Release|Any CPU
		{942D3ABF-42DE-426B-8264-9BC9C3562507}.Release|Any CPU.Build.0 = Release|Any CPU
		{942D3ABF-42DE-426B-8264-9BC9C3562507}.Release|x64.ActiveCfg = Release|Any CPU
		{942D3ABF-42DE-426B-8264-9BC9C3562507}.Release|x64.Build.0 = Release|Any CPU
		{942D3ABF-42DE-426B-8264-9BC9C3562507}.Release|x86.ActiveCfg = Release|Any CPU
		{942D3ABF-42DE-426B-8264-9BC9C3562507}.Release|x86.Build.0 = Release|Any CPU
		{DAC000C1-07CE-4F91-9A1C-5E05B72E18C3}.Debug|Any CPU.ActiveCfg = Debug|Any CPU
		{DAC000C1-07CE-4F91-9A1C-5E05B72E18C3}.Debug|Any CPU.Build.0 = Debug|Any CPU
		{DAC000C1-07CE-4F91-9A1C-5E05B72E18C3}.Debug|x64.ActiveCfg = Debug|Any CPU
		{DAC000C1-07CE-4F91-9A1C-5E05B72E18C3}.Debug|x64.Build.0 = Debug|Any CPU
		{DAC000C1-07CE-4F91-9A1C-5E05B72E18C3}.Debug|x86.ActiveCfg = Debug|Any CPU
		{DAC000C1-07CE-4F91-9A1C-5E05B72E18C3}.Debug|x86.Build.0 = Debug|Any CPU
		{DAC000C1-07CE-4F91-9A1C-5E05B72E18C3}.Release|Any CPU.ActiveCfg = Release|Any CPU
		{DAC000C1-07CE-4F91-9A1C-5E05B72E18C3}.Release|Any CPU.Build.0 = Release|Any CPU
		{DAC000C1-07CE-4F91-9A1C-5E05B72E18C3}.Release|x64.ActiveCfg = Release|Any CPU
		{DAC000C1-07CE-4F91-9A1C-5E05B72E18C3}.Release|x64.Build.0 = Release|Any CPU
		{DAC000C1-07CE-4F91-9A1C-5E05B72E18C3}.Release|x86.ActiveCfg = Release|Any CPU
		{DAC000C1-07CE-4F91-9A1C-5E05B72E18C3}.Release|x86.Build.0 = Release|Any CPU
	EndGlobalSection
	GlobalSection(SolutionProperties) = preSolution
		HideSolutionNode = FALSE
	EndGlobalSection
	GlobalSection(ExtensibilityGlobals) = postSolution
		SolutionGuid = {F05390B9-880F-410E-B0AA-57FDCA0C7F06}
	EndGlobalSection
EndGlobal
