
Microsoft Visual Studio Solution File, Format Version 12.00
# Visual Studio Version 17
VisualStudioVersion = 17.14.35906.104 d17.14
MinimumVisualStudioVersion = 10.0.40219.1
Project("{FAE04EC0-301F-11D3-BF4B-00C04F79EFBC}") = "Shortha.Application", "Shortha.Application.csproj", "{C1C9E8B7-E6DD-27CA-AE42-DFB4C41894FD}"
EndProject
Global
	GlobalSection(SolutionConfigurationPlatforms) = preSolution
		Debug|Any CPU = Debug|Any CPU
		Release|Any CPU = Release|Any CPU
	EndGlobalSection
	GlobalSection(ProjectConfigurationPlatforms) = postSolution
		{C1C9E8B7-E6DD-27CA-AE42-DFB4C41894FD}.Debug|Any CPU.ActiveCfg = Debug|Any CPU
		{C1C9E8B7-E6DD-27CA-AE42-DFB4C41894FD}.Debug|Any CPU.Build.0 = Debug|Any CPU
		{C1C9E8B7-E6DD-27CA-AE42-DFB4C41894FD}.Release|Any CPU.ActiveCfg = Release|Any CPU
		{C1C9E8B7-E6DD-27CA-AE42-DFB4C41894FD}.Release|Any CPU.Build.0 = Release|Any CPU
	EndGlobalSection
	GlobalSection(SolutionProperties) = preSolution
		HideSolutionNode = FALSE
	EndGlobalSection
	GlobalSection(ExtensibilityGlobals) = postSolution
		SolutionGuid = {8D1F0F04-DB47-4A0D-B1F4-DCCE8D18ED4A}
	EndGlobalSection
EndGlobal
