
Microsoft Visual Studio Solution File, Format Version 12.00
# Visual Studio Version 17
VisualStudioVersion = 17.14.35906.104
MinimumVisualStudioVersion = 10.0.40219.1
Project("{FAE04EC0-301F-11D3-BF4B-00C04F79EFBC}") = "Shortha", "Shortha.csproj", "{CF71703D-3D3B-48BA-9760-32E662F1B6A6}"
EndProject
Project("{FAE04EC0-301F-11D3-BF4B-00C04F79EFBC}") = "Shortha.Application", "..\Shortha.Contracts\Shortha.Application.csproj", "{7BFC1CB9-DF6B-9975-5314-61ABF116B1C4}"
EndProject
Project("{FAE04EC0-301F-11D3-BF4B-00C04F79EFBC}") = "Shortha.Domain", "..\Shortha.Domain\Shortha.Domain.csproj", "{AF39A38D-8A56-1670-C725-9FB8B456D4E1}"
EndProject
Project("{FAE04EC0-301F-11D3-BF4B-00C04F79EFBC}") = "Shortha.Infrastructure", "..\Shortha.Infrastructure\Shortha.Infrastructure.csproj", "{C8A65B3E-A104-AADA-B06D-7AADDC49F74C}"
EndProject
Project("{FAE04EC0-301F-11D3-BF4B-00C04F79EFBC}") = "Shortha.Utilities", "..\Shortha.Utilities\Shortha.Utilities.csproj", "{C2C7C4CC-5FDC-DF30-4ED6-C38479D4C594}"
EndProject
Global
	GlobalSection(SolutionConfigurationPlatforms) = preSolution
		Debug|Any CPU = Debug|Any CPU
		Debug|x64 = Debug|x64
		Debug|x86 = Debug|x86
		Release|Any CPU = Release|Any CPU
		Release|x64 = Release|x64
		Release|x86 = Release|x86
	EndGlobalSection
	GlobalSection(ProjectConfigurationPlatforms) = postSolution
		{CF71703D-3D3B-48BA-9760-32E662F1B6A6}.Debug|Any CPU.ActiveCfg = Debug|Any CPU
		{CF71703D-3D3B-48BA-9760-32E662F1B6A6}.Debug|Any CPU.Build.0 = Debug|Any CPU
		{CF71703D-3D3B-48BA-9760-32E662F1B6A6}.Debug|x64.ActiveCfg = Debug|Any CPU
		{CF71703D-3D3B-48BA-9760-32E662F1B6A6}.Debug|x64.Build.0 = Debug|Any CPU
		{CF71703D-3D3B-48BA-9760-32E662F1B6A6}.Debug|x86.ActiveCfg = Debug|Any CPU
		{CF71703D-3D3B-48BA-9760-32E662F1B6A6}.Debug|x86.Build.0 = Debug|Any CPU
		{CF71703D-3D3B-48BA-9760-32E662F1B6A6}.Release|Any CPU.ActiveCfg = Release|Any CPU
		{CF71703D-3D3B-48BA-9760-32E662F1B6A6}.Release|Any CPU.Build.0 = Release|Any CPU
		{CF71703D-3D3B-48BA-9760-32E662F1B6A6}.Release|x64.ActiveCfg = Release|Any CPU
		{CF71703D-3D3B-48BA-9760-32E662F1B6A6}.Release|x64.Build.0 = Release|Any CPU
		{CF71703D-3D3B-48BA-9760-32E662F1B6A6}.Release|x86.ActiveCfg = Release|Any CPU
		{CF71703D-3D3B-48BA-9760-32E662F1B6A6}.Release|x86.Build.0 = Release|Any CPU
		{7BFC1CB9-DF6B-9975-5314-61ABF116B1C4}.Debug|Any CPU.ActiveCfg = Debug|Any CPU
		{7BFC1CB9-DF6B-9975-5314-61ABF116B1C4}.Debug|Any CPU.Build.0 = Debug|Any CPU
		{7BFC1CB9-DF6B-9975-5314-61ABF116B1C4}.Debug|x64.ActiveCfg = Debug|Any CPU
		{7BFC1CB9-DF6B-9975-5314-61ABF116B1C4}.Debug|x64.Build.0 = Debug|Any CPU
		{7BFC1CB9-DF6B-9975-5314-61ABF116B1C4}.Debug|x86.ActiveCfg = Debug|Any CPU
		{7BFC1CB9-DF6B-9975-5314-61ABF116B1C4}.Debug|x86.Build.0 = Debug|Any CPU
		{7BFC1CB9-DF6B-9975-5314-61ABF116B1C4}.Release|Any CPU.ActiveCfg = Release|Any CPU
		{7BFC1CB9-DF6B-9975-5314-61ABF116B1C4}.Release|Any CPU.Build.0 = Release|Any CPU
		{7BFC1CB9-DF6B-9975-5314-61ABF116B1C4}.Release|x64.ActiveCfg = Release|Any CPU
		{7BFC1CB9-DF6B-9975-5314-61ABF116B1C4}.Release|x64.Build.0 = Release|Any CPU
		{7BFC1CB9-DF6B-9975-5314-61ABF116B1C4}.Release|x86.ActiveCfg = Release|Any CPU
		{7BFC1CB9-DF6B-9975-5314-61ABF116B1C4}.Release|x86.Build.0 = Release|Any CPU
		{AF39A38D-8A56-1670-C725-9FB8B456D4E1}.Debug|Any CPU.ActiveCfg = Debug|Any CPU
		{AF39A38D-8A56-1670-C725-9FB8B456D4E1}.Debug|Any CPU.Build.0 = Debug|Any CPU
		{AF39A38D-8A56-1670-C725-9FB8B456D4E1}.Debug|x64.ActiveCfg = Debug|Any CPU
		{AF39A38D-8A56-1670-C725-9FB8B456D4E1}.Debug|x64.Build.0 = Debug|Any CPU
		{AF39A38D-8A56-1670-C725-9FB8B456D4E1}.Debug|x86.ActiveCfg = Debug|Any CPU
		{AF39A38D-8A56-1670-C725-9FB8B456D4E1}.Debug|x86.Build.0 = Debug|Any CPU
		{AF39A38D-8A56-1670-C725-9FB8B456D4E1}.Release|Any CPU.ActiveCfg = Release|Any CPU
		{AF39A38D-8A56-1670-C725-9FB8B456D4E1}.Release|Any CPU.Build.0 = Release|Any CPU
		{AF39A38D-8A56-1670-C725-9FB8B456D4E1}.Release|x64.ActiveCfg = Release|Any CPU
		{AF39A38D-8A56-1670-C725-9FB8B456D4E1}.Release|x64.Build.0 = Release|Any CPU
		{AF39A38D-8A56-1670-C725-9FB8B456D4E1}.Release|x86.ActiveCfg = Release|Any CPU
		{AF39A38D-8A56-1670-C725-9FB8B456D4E1}.Release|x86.Build.0 = Release|Any CPU
		{C8A65B3E-A104-AADA-B06D-7AADDC49F74C}.Debug|Any CPU.ActiveCfg = Debug|Any CPU
		{C8A65B3E-A104-AADA-B06D-7AADDC49F74C}.Debug|Any CPU.Build.0 = Debug|Any CPU
		{C8A65B3E-A104-AADA-B06D-7AADDC49F74C}.Debug|x64.ActiveCfg = Debug|Any CPU
		{C8A65B3E-A104-AADA-B06D-7AADDC49F74C}.Debug|x64.Build.0 = Debug|Any CPU
		{C8A65B3E-A104-AADA-B06D-7AADDC49F74C}.Debug|x86.ActiveCfg = Debug|Any CPU
		{C8A65B3E-A104-AADA-B06D-7AADDC49F74C}.Debug|x86.Build.0 = Debug|Any CPU
		{C8A65B3E-A104-AADA-B06D-7AADDC49F74C}.Release|Any CPU.ActiveCfg = Release|Any CPU
		{C8A65B3E-A104-AADA-B06D-7AADDC49F74C}.Release|Any CPU.Build.0 = Release|Any CPU
		{C8A65B3E-A104-AADA-B06D-7AADDC49F74C}.Release|x64.ActiveCfg = Release|Any CPU
		{C8A65B3E-A104-AADA-B06D-7AADDC49F74C}.Release|x64.Build.0 = Release|Any CPU
		{C8A65B3E-A104-AADA-B06D-7AADDC49F74C}.Release|x86.ActiveCfg = Release|Any CPU
		{C8A65B3E-A104-AADA-B06D-7AADDC49F74C}.Release|x86.Build.0 = Release|Any CPU
		{C2C7C4CC-5FDC-DF30-4ED6-C38479D4C594}.Debug|Any CPU.ActiveCfg = Debug|Any CPU
		{C2C7C4CC-5FDC-DF30-4ED6-C38479D4C594}.Debug|Any CPU.Build.0 = Debug|Any CPU
		{C2C7C4CC-5FDC-DF30-4ED6-C38479D4C594}.Debug|x64.ActiveCfg = Debug|Any CPU
		{C2C7C4CC-5FDC-DF30-4ED6-C38479D4C594}.Debug|x64.Build.0 = Debug|Any CPU
		{C2C7C4CC-5FDC-DF30-4ED6-C38479D4C594}.Debug|x86.ActiveCfg = Debug|Any CPU
		{C2C7C4CC-5FDC-DF30-4ED6-C38479D4C594}.Debug|x86.Build.0 = Debug|Any CPU
		{C2C7C4CC-5FDC-DF30-4ED6-C38479D4C594}.Release|Any CPU.ActiveCfg = Release|Any CPU
		{C2C7C4CC-5FDC-DF30-4ED6-C38479D4C594}.Release|Any CPU.Build.0 = Release|Any CPU
		{C2C7C4CC-5FDC-DF30-4ED6-C38479D4C594}.Release|x64.ActiveCfg = Release|Any CPU
		{C2C7C4CC-5FDC-DF30-4ED6-C38479D4C594}.Release|x64.Build.0 = Release|Any CPU
		{C2C7C4CC-5FDC-DF30-4ED6-C38479D4C594}.Release|x86.ActiveCfg = Release|Any CPU
		{C2C7C4CC-5FDC-DF30-4ED6-C38479D4C594}.Release|x86.Build.0 = Release|Any CPU
	EndGlobalSection
	GlobalSection(SolutionProperties) = preSolution
		HideSolutionNode = FALSE
	EndGlobalSection
	GlobalSection(ExtensibilityGlobals) = postSolution
		SolutionGuid = {F05390B9-880F-410E-B0AA-57FDCA0C7F06}
	EndGlobalSection
EndGlobal
